
Microsoft Visual Studio Solution File, Format Version 12.00
# Visual Studio Version 17
VisualStudioVersion = 17.10.35122.118
MinimumVisualStudioVersion = 10.0.40219.1
Project("{FAE04EC0-301F-11D3-BF4B-00C04F79EFBC}") = "ProductsManagementSystem", "ProductsManagementSystem\ProductsManagementSystem.csproj", "{71D652C7-B8B5-415B-8FAC-7843E9F2B33C}"
EndProject
Global
	GlobalSection(SolutionConfigurationPlatforms) = preSolution
		Debug|Any CPU = Debug|Any CPU
		Release|Any CPU = Release|Any CPU
	EndGlobalSection
	GlobalSection(ProjectConfigurationPlatforms) = postSolution
		{71D652C7-B8B5-415B-8FAC-7843E9F2B33C}.Debug|Any CPU.ActiveCfg = Debug|Any CPU
		{71D652C7-B8B5-415B-8FAC-7843E9F2B33C}.Debug|Any CPU.Build.0 = Debug|Any CPU
		{71D652C7-B8B5-415B-8FAC-7843E9F2B33C}.Release|Any CPU.ActiveCfg = Release|Any CPU
		{71D652C7-B8B5-415B-8FAC-7843E9F2B33C}.Release|Any CPU.Build.0 = Release|Any CPU
	EndGlobalSection
	GlobalSection(SolutionProperties) = preSolution
		HideSolutionNode = FALSE
	EndGlobalSection
	GlobalSection(ExtensibilityGlobals) = postSolution
		SolutionGuid = {65A93AF6-3CFD-4250-B88C-458DC7326A3A}
	EndGlobalSection
EndGlobal
